// !$*UTF8*$!
{
	archiveVersion = 1;
	classes = {
	};
	objectVersion = 50;
	objects = {

/* Begin PBXBuildFile section */
		5E51CE7B239FC55C00CFC89F /* LoginVC.swift in Sources */ = {isa = PBXBuildFile; fileRef = 5E51CE7A239FC55C00CFC89F /* LoginVC.swift */; };
		5E51CE7D239FCD5600CFC89F /* HomeVC.swift in Sources */ = {isa = PBXBuildFile; fileRef = 5E51CE7C239FCD5600CFC89F /* HomeVC.swift */; };
		5E51CE7F239FD5AB00CFC89F /* ExtensionUserDefaults.swift in Sources */ = {isa = PBXBuildFile; fileRef = 5E51CE7E239FD5AB00CFC89F /* ExtensionUserDefaults.swift */; };
		5E94182C23C0975F00C6DD11 /* appstore.png in Resources */ = {isa = PBXBuildFile; fileRef = 5E94182B23C0975F00C6DD11 /* appstore.png */; };
		5EF9E62B238F9E8B0018A6C8 /* AppDelegate.swift in Sources */ = {isa = PBXBuildFile; fileRef = 5EF9E62A238F9E8B0018A6C8 /* AppDelegate.swift */; };
		5EF9E62D238F9E8B0018A6C8 /* SceneDelegate.swift in Sources */ = {isa = PBXBuildFile; fileRef = 5EF9E62C238F9E8B0018A6C8 /* SceneDelegate.swift */; };
		5EF9E632238F9E8B0018A6C8 /* Main.storyboard in Resources */ = {isa = PBXBuildFile; fileRef = 5EF9E630238F9E8B0018A6C8 /* Main.storyboard */; };
		5EF9E635238F9E8B0018A6C8 /* SingInWithApple.xcdatamodeld in Sources */ = {isa = PBXBuildFile; fileRef = 5EF9E633238F9E8B0018A6C8 /* SingInWithApple.xcdatamodeld */; };
		5EF9E637238F9E900018A6C8 /* Assets.xcassets in Resources */ = {isa = PBXBuildFile; fileRef = 5EF9E636238F9E900018A6C8 /* Assets.xcassets */; };
		5EF9E63A238F9E900018A6C8 /* LaunchScreen.storyboard in Resources */ = {isa = PBXBuildFile; fileRef = 5EF9E638238F9E900018A6C8 /* LaunchScreen.storyboard */; };
		5EF9E645238F9E900018A6C8 /* SingInWithAppleTests.swift in Sources */ = {isa = PBXBuildFile; fileRef = 5EF9E644238F9E900018A6C8 /* SingInWithAppleTests.swift */; };
		5EF9E650238F9E900018A6C8 /* SingInWithAppleUITests.swift in Sources */ = {isa = PBXBuildFile; fileRef = 5EF9E64F238F9E900018A6C8 /* SingInWithAppleUITests.swift */; };
/* End PBXBuildFile section */

/* Begin PBXContainerItemProxy section */
		5EF9E641238F9E900018A6C8 /* PBXContainerItemProxy */ = {
			isa = PBXContainerItemProxy;
			containerPortal = 5EF9E61F238F9E8B0018A6C8 /* Project object */;
			proxyType = 1;
			remoteGlobalIDString = 5EF9E626238F9E8B0018A6C8;
			remoteInfo = SingInWithApple;
		};
		5EF9E64C238F9E900018A6C8 /* PBXContainerItemProxy */ = {
			isa = PBXContainerItemProxy;
			containerPortal = 5EF9E61F238F9E8B0018A6C8 /* Project object */;
			proxyType = 1;
			remoteGlobalIDString = 5EF9E626238F9E8B0018A6C8;
			remoteInfo = SingInWithApple;
		};
/* End PBXContainerItemProxy section */

/* Begin PBXFileReference section */
		5E51CE7A239FC55C00CFC89F /* LoginVC.swift */ = {isa = PBXFileReference; lastKnownFileType = sourcecode.swift; path = LoginVC.swift; sourceTree = "<group>"; };
		5E51CE7C239FCD5600CFC89F /* HomeVC.swift */ = {isa = PBXFileReference; lastKnownFileType = sourcecode.swift; path = HomeVC.swift; sourceTree = "<group>"; };
		5E51CE7E239FD5AB00CFC89F /* ExtensionUserDefaults.swift */ = {isa = PBXFileReference; lastKnownFileType = sourcecode.swift; path = ExtensionUserDefaults.swift; sourceTree = "<group>"; };
		5E94182B23C0975F00C6DD11 /* appstore.png */ = {isa = PBXFileReference; lastKnownFileType = image.png; path = appstore.png; sourceTree = "<group>"; };
		5EF9E627238F9E8B0018A6C8 /* SingInWithApple.app */ = {isa = PBXFileReference; explicitFileType = wrapper.application; includeInIndex = 0; path = SingInWithApple.app; sourceTree = BUILT_PRODUCTS_DIR; };
		5EF9E62A238F9E8B0018A6C8 /* AppDelegate.swift */ = {isa = PBXFileReference; lastKnownFileType = sourcecode.swift; path = AppDelegate.swift; sourceTree = "<group>"; };
		5EF9E62C238F9E8B0018A6C8 /* SceneDelegate.swift */ = {isa = PBXFileReference; lastKnownFileType = sourcecode.swift; path = SceneDelegate.swift; sourceTree = "<group>"; };
		5EF9E631238F9E8B0018A6C8 /* Base */ = {isa = PBXFileReference; lastKnownFileType = file.storyboard; name = Base; path = Base.lproj/Main.storyboard; sourceTree = "<group>"; };
		5EF9E634238F9E8B0018A6C8 /* SingInWithApple.xcdatamodel */ = {isa = PBXFileReference; lastKnownFileType = wrapper.xcdatamodel; path = SingInWithApple.xcdatamodel; sourceTree = "<group>"; };
		5EF9E636238F9E900018A6C8 /* Assets.xcassets */ = {isa = PBXFileReference; lastKnownFileType = folder.assetcatalog; path = Assets.xcassets; sourceTree = "<group>"; };
		5EF9E639238F9E900018A6C8 /* Base */ = {isa = PBXFileReference; lastKnownFileType = file.storyboard; name = Base; path = Base.lproj/LaunchScreen.storyboard; sourceTree = "<group>"; };
		5EF9E63B238F9E900018A6C8 /* Info.plist */ = {isa = PBXFileReference; lastKnownFileType = text.plist.xml; path = Info.plist; sourceTree = "<group>"; };
		5EF9E640238F9E900018A6C8 /* SingInWithAppleTests.xctest */ = {isa = PBXFileReference; explicitFileType = wrapper.cfbundle; includeInIndex = 0; path = SingInWithAppleTests.xctest; sourceTree = BUILT_PRODUCTS_DIR; };
		5EF9E644238F9E900018A6C8 /* SingInWithAppleTests.swift */ = {isa = PBXFileReference; lastKnownFileType = sourcecode.swift; path = SingInWithAppleTests.swift; sourceTree = "<group>"; };
		5EF9E646238F9E900018A6C8 /* Info.plist */ = {isa = PBXFileReference; lastKnownFileType = text.plist.xml; path = Info.plist; sourceTree = "<group>"; };
		5EF9E64B238F9E900018A6C8 /* SingInWithAppleUITests.xctest */ = {isa = PBXFileReference; explicitFileType = wrapper.cfbundle; includeInIndex = 0; path = SingInWithAppleUITests.xctest; sourceTree = BUILT_PRODUCTS_DIR; };
		5EF9E64F238F9E900018A6C8 /* SingInWithAppleUITests.swift */ = {isa = PBXFileReference; lastKnownFileType = sourcecode.swift; path = SingInWithAppleUITests.swift; sourceTree = "<group>"; };
		5EF9E651238F9E900018A6C8 /* Info.plist */ = {isa = PBXFileReference; lastKnownFileType = text.plist.xml; path = Info.plist; sourceTree = "<group>"; };
		5EF9E65D238F9EAD0018A6C8 /* SingInWithApple.entitlements */ = {isa = PBXFileReference; lastKnownFileType = text.plist.entitlements; path = SingInWithApple.entitlements; sourceTree = "<group>"; };
/* End PBXFileReference section */

/* Begin PBXFrameworksBuildPhase section */
		5EF9E624238F9E8B0018A6C8 /* Frameworks */ = {
			isa = PBXFrameworksBuildPhase;
			buildActionMask = 2147483647;
			files = (
			);
			runOnlyForDeploymentPostprocessing = 0;
		};
		5EF9E63D238F9E900018A6C8 /* Frameworks */ = {
			isa = PBXFrameworksBuildPhase;
			buildActionMask = 2147483647;
			files = (
			);
			runOnlyForDeploymentPostprocessing = 0;
		};
		5EF9E648238F9E900018A6C8 /* Frameworks */ = {
			isa = PBXFrameworksBuildPhase;
			buildActionMask = 2147483647;
			files = (
			);
			runOnlyForDeploymentPostprocessing = 0;
		};
/* End PBXFrameworksBuildPhase section */

/* Begin PBXGroup section */
		5EF9E61E238F9E8B0018A6C8 = {
			isa = PBXGroup;
			children = (
				5EF9E629238F9E8B0018A6C8 /* SingInWithApple */,
				5EF9E643238F9E900018A6C8 /* SingInWithAppleTests */,
				5EF9E64E238F9E900018A6C8 /* SingInWithAppleUITests */,
				5EF9E628238F9E8B0018A6C8 /* Products */,
			);
			sourceTree = "<group>";
		};
		5EF9E628238F9E8B0018A6C8 /* Products */ = {
			isa = PBXGroup;
			children = (
				5EF9E627238F9E8B0018A6C8 /* SingInWithApple.app */,
				5EF9E640238F9E900018A6C8 /* SingInWithAppleTests.xctest */,
				5EF9E64B238F9E900018A6C8 /* SingInWithAppleUITests.xctest */,
			);
			name = Products;
			sourceTree = "<group>";
		};
		5EF9E629238F9E8B0018A6C8 /* SingInWithApple */ = {
			isa = PBXGroup;
			children = (
				5EF9E65D238F9EAD0018A6C8 /* SingInWithApple.entitlements */,
				5EF9E62A238F9E8B0018A6C8 /* AppDelegate.swift */,
				5EF9E62C238F9E8B0018A6C8 /* SceneDelegate.swift */,
				5E51CE7A239FC55C00CFC89F /* LoginVC.swift */,
				5E51CE7C239FCD5600CFC89F /* HomeVC.swift */,
				5E51CE7E239FD5AB00CFC89F /* ExtensionUserDefaults.swift */,
				5EF9E630238F9E8B0018A6C8 /* Main.storyboard */,
				5EF9E636238F9E900018A6C8 /* Assets.xcassets */,
				5EF9E638238F9E900018A6C8 /* LaunchScreen.storyboard */,
				5EF9E63B238F9E900018A6C8 /* Info.plist */,
				5EF9E633238F9E8B0018A6C8 /* SingInWithApple.xcdatamodeld */,
				5E94182B23C0975F00C6DD11 /* appstore.png */,
			);
			path = SingInWithApple;
			sourceTree = "<group>";
		};
		5EF9E643238F9E900018A6C8 /* SingInWithAppleTests */ = {
			isa = PBXGroup;
			children = (
				5EF9E644238F9E900018A6C8 /* SingInWithAppleTests.swift */,
				5EF9E646238F9E900018A6C8 /* Info.plist */,
			);
			path = SingInWithAppleTests;
			sourceTree = "<group>";
		};
		5EF9E64E238F9E900018A6C8 /* SingInWithAppleUITests */ = {
			isa = PBXGroup;
			children = (
				5EF9E64F238F9E900018A6C8 /* SingInWithAppleUITests.swift */,
				5EF9E651238F9E900018A6C8 /* Info.plist */,
			);
			path = SingInWithAppleUITests;
			sourceTree = "<group>";
		};
/* End PBXGroup section */

/* Begin PBXNativeTarget section */
		5EF9E626238F9E8B0018A6C8 /* SingInWithApple */ = {
			isa = PBXNativeTarget;
			buildConfigurationList = 5EF9E654238F9E900018A6C8 /* Build configuration list for PBXNativeTarget "SingInWithApple" */;
			buildPhases = (
				5EF9E623238F9E8B0018A6C8 /* Sources */,
				5EF9E624238F9E8B0018A6C8 /* Frameworks */,
				5EF9E625238F9E8B0018A6C8 /* Resources */,
			);
			buildRules = (
			);
			dependencies = (
			);
			name = SingInWithApple;
			productName = SingInWithApple;
			productReference = 5EF9E627238F9E8B0018A6C8 /* SingInWithApple.app */;
			productType = "com.apple.product-type.application";
		};
		5EF9E63F238F9E900018A6C8 /* SingInWithAppleTests */ = {
			isa = PBXNativeTarget;
			buildConfigurationList = 5EF9E657238F9E900018A6C8 /* Build configuration list for PBXNativeTarget "SingInWithAppleTests" */;
			buildPhases = (
				5EF9E63C238F9E900018A6C8 /* Sources */,
				5EF9E63D238F9E900018A6C8 /* Frameworks */,
				5EF9E63E238F9E900018A6C8 /* Resources */,
			);
			buildRules = (
			);
			dependencies = (
				5EF9E642238F9E900018A6C8 /* PBXTargetDependency */,
			);
			name = SingInWithAppleTests;
			productName = SingInWithAppleTests;
			productReference = 5EF9E640238F9E900018A6C8 /* SingInWithAppleTests.xctest */;
			productType = "com.apple.product-type.bundle.unit-test";
		};
		5EF9E64A238F9E900018A6C8 /* SingInWithAppleUITests */ = {
			isa = PBXNativeTarget;
			buildConfigurationList = 5EF9E65A238F9E900018A6C8 /* Build configuration list for PBXNativeTarget "SingInWithAppleUITests" */;
			buildPhases = (
				5EF9E647238F9E900018A6C8 /* Sources */,
				5EF9E648238F9E900018A6C8 /* Frameworks */,
				5EF9E649238F9E900018A6C8 /* Resources */,
			);
			buildRules = (
			);
			dependencies = (
				5EF9E64D238F9E900018A6C8 /* PBXTargetDependency */,
			);
			name = SingInWithAppleUITests;
			productName = SingInWithAppleUITests;
			productReference = 5EF9E64B238F9E900018A6C8 /* SingInWithAppleUITests.xctest */;
			productType = "com.apple.product-type.bundle.ui-testing";
		};
/* End PBXNativeTarget section */

/* Begin PBXProject section */
		5EF9E61F238F9E8B0018A6C8 /* Project object */ = {
			isa = PBXProject;
			attributes = {
				LastSwiftUpdateCheck = 1120;
				LastUpgradeCheck = 1120;
				ORGANIZATIONNAME = Mind;
				TargetAttributes = {
					5EF9E626238F9E8B0018A6C8 = {
						CreatedOnToolsVersion = 11.2.1;
					};
					5EF9E63F238F9E900018A6C8 = {
						CreatedOnToolsVersion = 11.2.1;
						TestTargetID = 5EF9E626238F9E8B0018A6C8;
					};
					5EF9E64A238F9E900018A6C8 = {
						CreatedOnToolsVersion = 11.2.1;
						TestTargetID = 5EF9E626238F9E8B0018A6C8;
					};
				};
			};
			buildConfigurationList = 5EF9E622238F9E8B0018A6C8 /* Build configuration list for PBXProject "SingInWithApple" */;
			compatibilityVersion = "Xcode 9.3";
			developmentRegion = en;
			hasScannedForEncodings = 0;
			knownRegions = (
				en,
				Base,
			);
			mainGroup = 5EF9E61E238F9E8B0018A6C8;
			productRefGroup = 5EF9E628238F9E8B0018A6C8 /* Products */;
			projectDirPath = "";
			projectRoot = "";
			targets = (
				5EF9E626238F9E8B0018A6C8 /* SingInWithApple */,
				5EF9E63F238F9E900018A6C8 /* SingInWithAppleTests */,
				5EF9E64A238F9E900018A6C8 /* SingInWithAppleUITests */,
			);
		};
/* End PBXProject section */

/* Begin PBXResourcesBuildPhase section */
		5EF9E625238F9E8B0018A6C8 /* Resources */ = {
			isa = PBXResourcesBuildPhase;
			buildActionMask = 2147483647;
			files = (
				5EF9E63A238F9E900018A6C8 /* LaunchScreen.storyboard in Resources */,
				5E94182C23C0975F00C6DD11 /* appstore.png in Resources */,
				5EF9E637238F9E900018A6C8 /* Assets.xcassets in Resources */,
				5EF9E632238F9E8B0018A6C8 /* Main.storyboard in Resources */,
			);
			runOnlyForDeploymentPostprocessing = 0;
		};
		5EF9E63E238F9E900018A6C8 /* Resources */ = {
			isa = PBXResourcesBuildPhase;
			buildActionMask = 2147483647;
			files = (
			);
			runOnlyForDeploymentPostprocessing = 0;
		};
		5EF9E649238F9E900018A6C8 /* Resources */ = {
			isa = PBXResourcesBuildPhase;
			buildActionMask = 2147483647;
			files = (
			);
			runOnlyForDeploymentPostprocessing = 0;
		};
/* End PBXResourcesBuildPhase section */

/* Begin PBXSourcesBuildPhase section */
		5EF9E623238F9E8B0018A6C8 /* Sources */ = {
			isa = PBXSourcesBuildPhase;
			buildActionMask = 2147483647;
			files = (
				5EF9E62B238F9E8B0018A6C8 /* AppDelegate.swift in Sources */,
				5E51CE7D239FCD5600CFC89F /* HomeVC.swift in Sources */,
				5E51CE7F239FD5AB00CFC89F /* ExtensionUserDefaults.swift in Sources */,
				5EF9E635238F9E8B0018A6C8 /* SingInWithApple.xcdatamodeld in Sources */,
				5EF9E62D238F9E8B0018A6C8 /* SceneDelegate.swift in Sources */,
				5E51CE7B239FC55C00CFC89F /* LoginVC.swift in Sources */,
			);
			runOnlyForDeploymentPostprocessing = 0;
		};
		5EF9E63C238F9E900018A6C8 /* Sources */ = {
			isa = PBXSourcesBuildPhase;
			buildActionMask = 2147483647;
			files = (
				5EF9E645238F9E900018A6C8 /* SingInWithAppleTests.swift in Sources */,
			);
			runOnlyForDeploymentPostprocessing = 0;
		};
		5EF9E647238F9E900018A6C8 /* Sources */ = {
			isa = PBXSourcesBuildPhase;
			buildActionMask = 2147483647;
			files = (
				5EF9E650238F9E900018A6C8 /* SingInWithAppleUITests.swift in Sources */,
			);
			runOnlyForDeploymentPostprocessing = 0;
		};
/* End PBXSourcesBuildPhase section */

/* Begin PBXTargetDependency section */
		5EF9E642238F9E900018A6C8 /* PBXTargetDependency */ = {
			isa = PBXTargetDependency;
			target = 5EF9E626238F9E8B0018A6C8 /* SingInWithApple */;
			targetProxy = 5EF9E641238F9E900018A6C8 /* PBXContainerItemProxy */;
		};
		5EF9E64D238F9E900018A6C8 /* PBXTargetDependency */ = {
			isa = PBXTargetDependency;
			target = 5EF9E626238F9E8B0018A6C8 /* SingInWithApple */;
			targetProxy = 5EF9E64C238F9E900018A6C8 /* PBXContainerItemProxy */;
		};
/* End PBXTargetDependency section */

/* Begin PBXVariantGroup section */
		5EF9E630238F9E8B0018A6C8 /* Main.storyboard */ = {
			isa = PBXVariantGroup;
			children = (
				5EF9E631238F9E8B0018A6C8 /* Base */,
			);
			name = Main.storyboard;
			sourceTree = "<group>";
		};
		5EF9E638238F9E900018A6C8 /* LaunchScreen.storyboard */ = {
			isa = PBXVariantGroup;
			children = (
				5EF9E639238F9E900018A6C8 /* Base */,
			);
			name = LaunchScreen.storyboard;
			sourceTree = "<group>";
		};
/* End PBXVariantGroup section */

/* Begin XCBuildConfiguration section */
		5EF9E652238F9E900018A6C8 /* Debug */ = {
			isa = XCBuildConfiguration;
			buildSettings = {
				ALWAYS_SEARCH_USER_PATHS = NO;
				CLANG_ANALYZER_NONNULL = YES;
				CLANG_ANALYZER_NUMBER_OBJECT_CONVERSION = YES_AGGRESSIVE;
				CLANG_CXX_LANGUAGE_STANDARD = "gnu++14";
				CLANG_CXX_LIBRARY = "libc++";
				CLANG_ENABLE_MODULES = YES;
				CLANG_ENABLE_OBJC_ARC = YES;
				CLANG_ENABLE_OBJC_WEAK = YES;
				CLANG_WARN_BLOCK_CAPTURE_AUTORELEASING = YES;
				CLANG_WARN_BOOL_CONVERSION = YES;
				CLANG_WARN_COMMA = YES;
				CLANG_WARN_CONSTANT_CONVERSION = YES;
				CLANG_WARN_DEPRECATED_OBJC_IMPLEMENTATIONS = YES;
				CLANG_WARN_DIRECT_OBJC_ISA_USAGE = YES_ERROR;
				CLANG_WARN_DOCUMENTATION_COMMENTS = YES;
				CLANG_WARN_EMPTY_BODY = YES;
				CLANG_WARN_ENUM_CONVERSION = YES;
				CLANG_WARN_INFINITE_RECURSION = YES;
				CLANG_WARN_INT_CONVERSION = YES;
				CLANG_WARN_NON_LITERAL_NULL_CONVERSION = YES;
				CLANG_WARN_OBJC_IMPLICIT_RETAIN_SELF = YES;
				CLANG_WARN_OBJC_LITERAL_CONVERSION = YES;
				CLANG_WARN_OBJC_ROOT_CLASS = YES_ERROR;
				CLANG_WARN_RANGE_LOOP_ANALYSIS = YES;
				CLANG_WARN_STRICT_PROTOTYPES = YES;
				CLANG_WARN_SUSPICIOUS_MOVE = YES;
				CLANG_WARN_UNGUARDED_AVAILABILITY = YES_AGGRESSIVE;
				CLANG_WARN_UNREACHABLE_CODE = YES;
				CLANG_WARN__DUPLICATE_METHOD_MATCH = YES;
				COPY_PHASE_STRIP = NO;
				DEBUG_INFORMATION_FORMAT = dwarf;
				ENABLE_STRICT_OBJC_MSGSEND = YES;
				ENABLE_TESTABILITY = YES;
				GCC_C_LANGUAGE_STANDARD = gnu11;
				GCC_DYNAMIC_NO_PIC = NO;
				GCC_NO_COMMON_BLOCKS = YES;
				GCC_OPTIMIZATION_LEVEL = 0;
				GCC_PREPROCESSOR_DEFINITIONS = (
					"DEBUG=1",
					"$(inherited)",
				);
				GCC_WARN_64_TO_32_BIT_CONVERSION = YES;
				GCC_WARN_ABOUT_RETURN_TYPE = YES_ERROR;
				GCC_WARN_UNDECLARED_SELECTOR = YES;
				GCC_WARN_UNINITIALIZED_AUTOS = YES_AGGRESSIVE;
				GCC_WARN_UNUSED_FUNCTION = YES;
				GCC_WARN_UNUSED_VARIABLE = YES;
				IPHONEOS_DEPLOYMENT_TARGET = 13.2;
				MTL_ENABLE_DEBUG_INFO = INCLUDE_SOURCE;
				MTL_FAST_MATH = YES;
				ONLY_ACTIVE_ARCH = YES;
				SDKROOT = iphoneos;
				SWIFT_ACTIVE_COMPILATION_CONDITIONS = DEBUG;
				SWIFT_OPTIMIZATION_LEVEL = "-Onone";
			};
			name = Debug;
		};
		5EF9E653238F9E900018A6C8 /* Release */ = {
			isa = XCBuildConfiguration;
			buildSettings = {
				ALWAYS_SEARCH_USER_PATHS = NO;
				CLANG_ANALYZER_NONNULL = YES;
				CLANG_ANALYZER_NUMBER_OBJECT_CONVERSION = YES_AGGRESSIVE;
				CLANG_CXX_LANGUAGE_STANDARD = "gnu++14";
				CLANG_CXX_LIBRARY = "libc++";
				CLANG_ENABLE_MODULES = YES;
				CLANG_ENABLE_OBJC_ARC = YES;
				CLANG_ENABLE_OBJC_WEAK = YES;
				CLANG_WARN_BLOCK_CAPTURE_AUTORELEASING = YES;
				CLANG_WARN_BOOL_CONVERSION = YES;
				CLANG_WARN_COMMA = YES;
				CLANG_WARN_CONSTANT_CONVERSION = YES;
				CLANG_WARN_DEPRECATED_OBJC_IMPLEMENTATIONS = YES;
				CLANG_WARN_DIRECT_OBJC_ISA_USAGE = YES_ERROR;
				CLANG_WARN_DOCUMENTATION_COMMENTS = YES;
				CLANG_WARN_EMPTY_BODY = YES;
				CLANG_WARN_ENUM_CONVERSION = YES;
				CLANG_WARN_INFINITE_RECURSION = YES;
				CLANG_WARN_INT_CONVERSION = YES;
				CLANG_WARN_NON_LITERAL_NULL_CONVERSION = YES;
				CLANG_WARN_OBJC_IMPLICIT_RETAIN_SELF = YES;
				CLANG_WARN_OBJC_LITERAL_CONVERSION = YES;
				CLANG_WARN_OBJC_ROOT_CLASS = YES_ERROR;
				CLANG_WARN_RANGE_LOOP_ANALYSIS = YES;
				CLANG_WARN_STRICT_PROTOTYPES = YES;
				CLANG_WARN_SUSPICIOUS_MOVE = YES;
				CLANG_WARN_UNGUARDED_AVAILABILITY = YES_AGGRESSIVE;
				CLANG_WARN_UNREACHABLE_CODE = YES;
				CLANG_WARN__DUPLICATE_METHOD_MATCH = YES;
				COPY_PHASE_STRIP = NO;
				DEBUG_INFORMATION_FORMAT = "dwarf-with-dsym";
				ENABLE_NS_ASSERTIONS = NO;
				ENABLE_STRICT_OBJC_MSGSEND = YES;
				GCC_C_LANGUAGE_STANDARD = gnu11;
				GCC_NO_COMMON_BLOCKS = YES;
				GCC_WARN_64_TO_32_BIT_CONVERSION = YES;
				GCC_WARN_ABOUT_RETURN_TYPE = YES_ERROR;
				GCC_WARN_UNDECLARED_SELECTOR = YES;
				GCC_WARN_UNINITIALIZED_AUTOS = YES_AGGRESSIVE;
				GCC_WARN_UNUSED_FUNCTION = YES;
				GCC_WARN_UNUSED_VARIABLE = YES;
				IPHONEOS_DEPLOYMENT_TARGET = 13.2;
				MTL_ENABLE_DEBUG_INFO = NO;
				MTL_FAST_MATH = YES;
				SDKROOT = iphoneos;
				SWIFT_COMPILATION_MODE = wholemodule;
				SWIFT_OPTIMIZATION_LEVEL = "-O";
				VALIDATE_PRODUCT = YES;
			};
			name = Release;
		};
		5EF9E655238F9E900018A6C8 /* Debug */ = {
			isa = XCBuildConfiguration;
			buildSettings = {
				ASSETCATALOG_COMPILER_APPICON_NAME = AppIcon;
				CODE_SIGN_ENTITLEMENTS = SingInWithApple/SingInWithApple.entitlements;
				CODE_SIGN_IDENTITY = "Apple Development";
				CODE_SIGN_STYLE = Manual;
				DEVELOPMENT_TEAM = "";
				INFOPLIST_FILE = SingInWithApple/Info.plist;
				IPHONEOS_DEPLOYMENT_TARGET = 13.0;
				LD_RUNPATH_SEARCH_PATHS = (
					"$(inherited)",
					"@executable_path/Frameworks",
				);
				PRODUCT_BUNDLE_IDENTIFIER = com.mi.singinwithapple;
				PRODUCT_NAME = "$(TARGET_NAME)";
				PROVISIONING_PROFILE_SPECIFIER = "";
				SWIFT_VERSION = 5.0;
				TARGETED_DEVICE_FAMILY = 1;
			};
			name = Debug;
		};
		5EF9E656238F9E900018A6C8 /* Release */ = {
			isa = XCBuildConfiguration;
			buildSettings = {
				ASSETCATALOG_COMPILER_APPICON_NAME = AppIcon;
				CODE_SIGN_ENTITLEMENTS = SingInWithApple/SingInWithApple.entitlements;
				CODE_SIGN_IDENTITY = "Apple Development";
				CODE_SIGN_STYLE = Manual;
				DEVELOPMENT_TEAM = "";
				INFOPLIST_FILE = SingInWithApple/Info.plist;
				IPHONEOS_DEPLOYMENT_TARGET = 13.0;
				LD_RUNPATH_SEARCH_PATHS = (
					"$(inherited)",
					"@executable_path/Frameworks",
				);
				PRODUCT_BUNDLE_IDENTIFIER = com.mi.singinwithapple;
				PRODUCT_NAME = "$(TARGET_NAME)";
				PROVISIONING_PROFILE_SPECIFIER = "";
				SWIFT_VERSION = 5.0;
				TARGETED_DEVICE_FAMILY = 1;
			};
			name = Release;
		};
		5EF9E658238F9E900018A6C8 /* Debug */ = {
			isa = XCBuildConfiguration;
			buildSettings = {
				ALWAYS_EMBED_SWIFT_STANDARD_LIBRARIES = YES;
				BUNDLE_LOADER = "$(TEST_HOST)";
				CODE_SIGN_STYLE = Automatic;
				INFOPLIST_FILE = SingInWithAppleTests/Info.plist;
				IPHONEOS_DEPLOYMENT_TARGET = 13.2;
				LD_RUNPATH_SEARCH_PATHS = (
					"$(inherited)",
					"@executable_path/Frameworks",
					"@loader_path/Frameworks",
				);
				PRODUCT_BUNDLE_IDENTIFIER = com.Mind.SingInWithAppleTests;
				PRODUCT_NAME = "$(TARGET_NAME)";
				SWIFT_VERSION = 5.0;
				TARGETED_DEVICE_FAMILY = "1,2";
				TEST_HOST = "$(BUILT_PRODUCTS_DIR)/SingInWithApple.app/SingInWithApple";
			};
			name = Debug;
		};
		5EF9E659238F9E900018A6C8 /* Release */ = {
			isa = XCBuildConfiguration;
			buildSettings = {
				ALWAYS_EMBED_SWIFT_STANDARD_LIBRARIES = YES;
				BUNDLE_LOADER = "$(TEST_HOST)";
				CODE_SIGN_STYLE = Automatic;
				INFOPLIST_FILE = SingInWithAppleTests/Info.plist;
				IPHONEOS_DEPLOYMENT_TARGET = 13.2;
				LD_RUNPATH_SEARCH_PATHS = (
					"$(inherited)",
					"@executable_path/Frameworks",
					"@loader_path/Frameworks",
				);
				PRODUCT_BUNDLE_IDENTIFIER = com.Mind.SingInWithAppleTests;
				PRODUCT_NAME = "$(TARGET_NAME)";
				SWIFT_VERSION = 5.0;
				TARGETED_DEVICE_FAMILY = "1,2";
				TEST_HOST = "$(BUILT_PRODUCTS_DIR)/SingInWithApple.app/SingInWithApple";
			};
			name = Release;
		};
		5EF9E65B238F9E900018A6C8 /* Debug */ = {
			isa = XCBuildConfiguration;
			buildSettings = {
				ALWAYS_EMBED_SWIFT_STANDARD_LIBRARIES = YES;
				CODE_SIGN_STYLE = Automatic;
				INFOPLIST_FILE = SingInWithAppleUITests/Info.plist;
				LD_RUNPATH_SEARCH_PATHS = (
					"$(inherited)",
					"@executable_path/Frameworks",
					"@loader_path/Frameworks",
				);
				PRODUCT_BUNDLE_IDENTIFIER = com.Mind.SingInWithAppleUITests;
				PRODUCT_NAME = "$(TARGET_NAME)";
				SWIFT_VERSION = 5.0;
				TARGETED_DEVICE_FAMILY = "1,2";
				TEST_TARGET_NAME = SingInWithApple;
			};
			name = Debug;
		};
		5EF9E65C238F9E900018A6C8 /* Release */ = {
			isa = XCBuildConfiguration;
			buildSettings = {
				ALWAYS_EMBED_SWIFT_STANDARD_LIBRARIES = YES;
				CODE_SIGN_STYLE = Automatic;
				INFOPLIST_FILE = SingInWithAppleUITests/Info.plist;
				LD_RUNPATH_SEARCH_PATHS = (
					"$(inherited)",
					"@executable_path/Frameworks",
					"@loader_path/Frameworks",
				);
				PRODUCT_BUNDLE_IDENTIFIER = com.Mind.SingInWithAppleUITests;
				PRODUCT_NAME = "$(TARGET_NAME)";
				SWIFT_VERSION = 5.0;
				TARGETED_DEVICE_FAMILY = "1,2";
				TEST_TARGET_NAME = SingInWithApple;
			};
			name = Release;
		};
/* End XCBuildConfiguration section */

/* Begin XCConfigurationList section */
		5EF9E622238F9E8B0018A6C8 /* Build configuration list for PBXProject "SingInWithApple" */ = {
			isa = XCConfigurationList;
			buildConfigurations = (
				5EF9E652238F9E900018A6C8 /* Debug */,
				5EF9E653238F9E900018A6C8 /* Release */,
			);
			defaultConfigurationIsVisible = 0;
			defaultConfigurationName = Release;
		};
		5EF9E654238F9E900018A6C8 /* Build configuration list for PBXNativeTarget "SingInWithApple" */ = {
			isa = XCConfigurationList;
			buildConfigurations = (
				5EF9E655238F9E900018A6C8 /* Debug */,
				5EF9E656238F9E900018A6C8 /* Release */,
			);
			defaultConfigurationIsVisible = 0;
			defaultConfigurationName = Release;
		};
		5EF9E657238F9E900018A6C8 /* Build configuration list for PBXNativeTarget "SingInWithAppleTests" */ = {
			isa = XCConfigurationList;
			buildConfigurations = (
				5EF9E658238F9E900018A6C8 /* Debug */,
				5EF9E659238F9E900018A6C8 /* Release */,
			);
			defaultConfigurationIsVisible = 0;
			defaultConfigurationName = Release;
		};
		5EF9E65A238F9E900018A6C8 /* Build configuration list for PBXNativeTarget "SingInWithAppleUITests" */ = {
			isa = XCConfigurationList;
			buildConfigurations = (
				5EF9E65B238F9E900018A6C8 /* Debug */,
				5EF9E65C238F9E900018A6C8 /* Release */,
			);
			defaultConfigurationIsVisible = 0;
			defaultConfigurationName = Release;
		};
/* End XCConfigurationList section */

/* Begin XCVersionGroup section */
		5EF9E633238F9E8B0018A6C8 /* SingInWithApple.xcdatamodeld */ = {
			isa = XCVersionGroup;
			children = (
				5EF9E634238F9E8B0018A6C8 /* SingInWithApple.xcdatamodel */,
			);
			currentVersion = 5EF9E634238F9E8B0018A6C8 /* SingInWithApple.xcdatamodel */;
			path = SingInWithApple.xcdatamodeld;
			sourceTree = "<group>";
			versionGroupType = wrapper.xcdatamodel;
		};
/* End XCVersionGroup section */
	};
	rootObject = 5EF9E61F238F9E8B0018A6C8 /* Project object */;
}
